// !$*UTF8*$!
{
	archiveVersion = 1;
	classes = {
	};
	objectVersion = 56;
	objects = {

/* Begin PBXBuildFile section */
		6058701A286EC71E005BC98D /* CodeChallengeApp.swift in Sources */ = {isa = PBXBuildFile; fileRef = 60587019286EC71E005BC98D /* CodeChallengeApp.swift */; };
		6058701C286EC71E005BC98D /* ContentView.swift in Sources */ = {isa = PBXBuildFile; fileRef = 6058701B286EC71E005BC98D /* ContentView.swift */; };
		6058701E286EC720005BC98D /* Assets.xcassets in Resources */ = {isa = PBXBuildFile; fileRef = 6058701D286EC720005BC98D /* Assets.xcassets */; };
		60587021286EC720005BC98D /* Preview Assets.xcassets in Resources */ = {isa = PBXBuildFile; fileRef = 60587020286EC720005BC98D /* Preview Assets.xcassets */; };
		6058702D286ECB6A005BC98D /* Alamofire in Frameworks */ = {isa = PBXBuildFile; productRef = 6058702C286ECB6A005BC98D /* Alamofire */; };
		60587033286ECC19005BC98D /* Kingfisher in Frameworks */ = {isa = PBXBuildFile; productRef = 60587032286ECC19005BC98D /* Kingfisher */; };
		60587035286ECC56005BC98D /* ItemListView.swift in Sources */ = {isa = PBXBuildFile; fileRef = 60587034286ECC56005BC98D /* ItemListView.swift */; };
		60587039286ECCF5005BC98D /* ViewModel.swift in Sources */ = {isa = PBXBuildFile; fileRef = 60587038286ECCF5005BC98D /* ViewModel.swift */; };
		6058703E286ECFC5005BC98D /* Service.swift in Sources */ = {isa = PBXBuildFile; fileRef = 6058703D286ECFC5005BC98D /* Service.swift */; };
		60587040286ED26C005BC98D /* Item.swift in Sources */ = {isa = PBXBuildFile; fileRef = 6058703F286ED26C005BC98D /* Item.swift */; };
		60587042286EE707005BC98D /* ItemView.swift in Sources */ = {isa = PBXBuildFile; fileRef = 60587041286EE707005BC98D /* ItemView.swift */; };
		607A1E2528796482007701E3 /* README.md in Resources */ = {isa = PBXBuildFile; fileRef = 607A1E2428796482007701E3 /* README.md */; };
/* End PBXBuildFile section */

/* Begin PBXFileReference section */
		60587016286EC71E005BC98D /* CodeChallenge.app */ = {isa = PBXFileReference; explicitFileType = wrapper.application; includeInIndex = 0; path = CodeChallenge.app; sourceTree = BUILT_PRODUCTS_DIR; };
		60587019286EC71E005BC98D /* CodeChallengeApp.swift */ = {isa = PBXFileReference; lastKnownFileType = sourcecode.swift; path = CodeChallengeApp.swift; sourceTree = "<group>"; };
		6058701B286EC71E005BC98D /* ContentView.swift */ = {isa = PBXFileReference; lastKnownFileType = sourcecode.swift; path = ContentView.swift; sourceTree = "<group>"; };
		6058701D286EC720005BC98D /* Assets.xcassets */ = {isa = PBXFileReference; lastKnownFileType = folder.assetcatalog; path = Assets.xcassets; sourceTree = "<group>"; };
		60587020286EC720005BC98D /* Preview Assets.xcassets */ = {isa = PBXFileReference; lastKnownFileType = folder.assetcatalog; path = "Preview Assets.xcassets"; sourceTree = "<group>"; };
		60587034286ECC56005BC98D /* ItemListView.swift */ = {isa = PBXFileReference; lastKnownFileType = sourcecode.swift; path = ItemListView.swift; sourceTree = "<group>"; };
		60587038286ECCF5005BC98D /* ViewModel.swift */ = {isa = PBXFileReference; lastKnownFileType = sourcecode.swift; path = ViewModel.swift; sourceTree = "<group>"; };
		6058703D286ECFC5005BC98D /* Service.swift */ = {isa = PBXFileReference; lastKnownFileType = sourcecode.swift; path = Service.swift; sourceTree = "<group>"; };
		6058703F286ED26C005BC98D /* Item.swift */ = {isa = PBXFileReference; lastKnownFileType = sourcecode.swift; path = Item.swift; sourceTree = "<group>"; };
		60587041286EE707005BC98D /* ItemView.swift */ = {isa = PBXFileReference; lastKnownFileType = sourcecode.swift; path = ItemView.swift; sourceTree = "<group>"; };
		607A1E2428796482007701E3 /* README.md */ = {isa = PBXFileReference; fileEncoding = 4; lastKnownFileType = net.daringfireball.markdown; path = README.md; sourceTree = "<group>"; };
/* End PBXFileReference section */

/* Begin PBXFrameworksBuildPhase section */
		60587013286EC71E005BC98D /* Frameworks */ = {
			isa = PBXFrameworksBuildPhase;
			buildActionMask = 2147483647;
			files = (
				60587033286ECC19005BC98D /* Kingfisher in Frameworks */,
				6058702D286ECB6A005BC98D /* Alamofire in Frameworks */,
			);
			runOnlyForDeploymentPostprocessing = 0;
		};
/* End PBXFrameworksBuildPhase section */

/* Begin PBXGroup section */
		6058700D286EC71E005BC98D = {
			isa = PBXGroup;
			children = (
				607A1E2428796482007701E3 /* README.md */,
				60587018286EC71E005BC98D /* CodeChallenge */,
				60587017286EC71E005BC98D /* Products */,
			);
			sourceTree = "<group>";
		};
		60587017286EC71E005BC98D /* Products */ = {
			isa = PBXGroup;
			children = (
				60587016286EC71E005BC98D /* CodeChallenge.app */,
			);
			name = Products;
			sourceTree = "<group>";
		};
		60587018286EC71E005BC98D /* CodeChallenge */ = {
			isa = PBXGroup;
			children = (
				60587019286EC71E005BC98D /* CodeChallengeApp.swift */,
				6058703C286ECFA4005BC98D /* Service */,
				60587029286EC7A4005BC98D /* Model */,
				60587028286EC799005BC98D /* ViewModel */,
				60587027286EC787005BC98D /* View */,
				6058702A286EC7C6005BC98D /* Assets */,
			);
			path = CodeChallenge;
			sourceTree = "<group>";
		};
		6058701F286EC720005BC98D /* Preview Content */ = {
			isa = PBXGroup;
			children = (
				60587020286EC720005BC98D /* Preview Assets.xcassets */,
			);
			path = "Preview Content";
			sourceTree = "<group>";
		};
		60587027286EC787005BC98D /* View */ = {
			isa = PBXGroup;
			children = (
				6058701B286EC71E005BC98D /* ContentView.swift */,
				60587034286ECC56005BC98D /* ItemListView.swift */,
				60587041286EE707005BC98D /* ItemView.swift */,
			);
			path = View;
			sourceTree = "<group>";
		};
		60587028286EC799005BC98D /* ViewModel */ = {
			isa = PBXGroup;
			children = (
				60587038286ECCF5005BC98D /* ViewModel.swift */,
			);
			path = ViewModel;
			sourceTree = "<group>";
		};
		60587029286EC7A4005BC98D /* Model */ = {
			isa = PBXGroup;
			children = (
				6058703F286ED26C005BC98D /* Item.swift */,
			);
			path = Model;
			sourceTree = "<group>";
		};
		6058702A286EC7C6005BC98D /* Assets */ = {
			isa = PBXGroup;
			children = (
				6058701D286EC720005BC98D /* Assets.xcassets */,
				6058701F286EC720005BC98D /* Preview Content */,
			);
			path = Assets;
			sourceTree = "<group>";
		};
		6058703C286ECFA4005BC98D /* Service */ = {
			isa = PBXGroup;
			children = (
				6058703D286ECFC5005BC98D /* Service.swift */,
			);
			path = Service;
			sourceTree = "<group>";
		};
/* End PBXGroup section */

/* Begin PBXNativeTarget section */
		60587015286EC71E005BC98D /* CodeChallenge */ = {
			isa = PBXNativeTarget;
			buildConfigurationList = 60587024286EC720005BC98D /* Build configuration list for PBXNativeTarget "CodeChallenge" */;
			buildPhases = (
				60587012286EC71E005BC98D /* Sources */,
				60587013286EC71E005BC98D /* Frameworks */,
				60587014286EC71E005BC98D /* Resources */,
			);
			buildRules = (
			);
			dependencies = (
			);
			name = CodeChallenge;
			packageProductDependencies = (
				6058702C286ECB6A005BC98D /* Alamofire */,
				60587032286ECC19005BC98D /* Kingfisher */,
			);
			productName = CodeChallenge;
			productReference = 60587016286EC71E005BC98D /* CodeChallenge.app */;
			productType = "com.apple.product-type.application";
		};
/* End PBXNativeTarget section */

/* Begin PBXProject section */
		6058700E286EC71E005BC98D /* Project object */ = {
			isa = PBXProject;
			attributes = {
				BuildIndependentTargetsInParallel = 1;
				LastSwiftUpdateCheck = 1400;
				LastUpgradeCheck = 1400;
				TargetAttributes = {
					60587015286EC71E005BC98D = {
						CreatedOnToolsVersion = 14.0;
					};
				};
			};
			buildConfigurationList = 60587011286EC71E005BC98D /* Build configuration list for PBXProject "CodeChallenge" */;
			compatibilityVersion = "Xcode 14.0";
			developmentRegion = en;
			hasScannedForEncodings = 0;
			knownRegions = (
				en,
				Base,
			);
			mainGroup = 6058700D286EC71E005BC98D;
			packageReferences = (
				6058702B286ECB6A005BC98D /* XCRemoteSwiftPackageReference "Alamofire" */,
				60587031286ECC19005BC98D /* XCRemoteSwiftPackageReference "Kingfisher" */,
			);
			productRefGroup = 60587017286EC71E005BC98D /* Products */;
			projectDirPath = "";
			projectRoot = "";
			targets = (
				60587015286EC71E005BC98D /* CodeChallenge */,
			);
		};
/* End PBXProject section */

/* Begin PBXResourcesBuildPhase section */
		60587014286EC71E005BC98D /* Resources */ = {
			isa = PBXResourcesBuildPhase;
			buildActionMask = 2147483647;
			files = (
				607A1E2528796482007701E3 /* README.md in Resources */,
				60587021286EC720005BC98D /* Preview Assets.xcassets in Resources */,
				6058701E286EC720005BC98D /* Assets.xcassets in Resources */,
			);
			runOnlyForDeploymentPostprocessing = 0;
		};
/* End PBXResourcesBuildPhase section */

/* Begin PBXSourcesBuildPhase section */
		60587012286EC71E005BC98D /* Sources */ = {
			isa = PBXSourcesBuildPhase;
			buildActionMask = 2147483647;
			files = (
				60587035286ECC56005BC98D /* ItemListView.swift in Sources */,
				6058703E286ECFC5005BC98D /* Service.swift in Sources */,
				6058701C286EC71E005BC98D /* ContentView.swift in Sources */,
				6058701A286EC71E005BC98D /* CodeChallengeApp.swift in Sources */,
				60587042286EE707005BC98D /* ItemView.swift in Sources */,
				60587040286ED26C005BC98D /* Item.swift in Sources */,
				60587039286ECCF5005BC98D /* ViewModel.swift in Sources */,
			);
			runOnlyForDeploymentPostprocessing = 0;
		};
/* End PBXSourcesBuildPhase section */

/* Begin XCBuildConfiguration section */
		60587022286EC720005BC98D /* Debug */ = {
			isa = XCBuildConfiguration;
			buildSettings = {
				ALWAYS_SEARCH_USER_PATHS = NO;
				CLANG_ANALYZER_NONNULL = YES;
				CLANG_ANALYZER_NUMBER_OBJECT_CONVERSION = YES_AGGRESSIVE;
				CLANG_CXX_LANGUAGE_STANDARD = "gnu++17";
				CLANG_ENABLE_MODULES = YES;
				CLANG_ENABLE_OBJC_ARC = YES;
				CLANG_ENABLE_OBJC_WEAK = YES;
				CLANG_WARN_BLOCK_CAPTURE_AUTORELEASING = YES;
				CLANG_WARN_BOOL_CONVERSION = YES;
				CLANG_WARN_COMMA = YES;
				CLANG_WARN_CONSTANT_CONVERSION = YES;
				CLANG_WARN_DEPRECATED_OBJC_IMPLEMENTATIONS = YES;
				CLANG_WARN_DIRECT_OBJC_ISA_USAGE = YES_ERROR;
				CLANG_WARN_DOCUMENTATION_COMMENTS = YES;
				CLANG_WARN_EMPTY_BODY = YES;
				CLANG_WARN_ENUM_CONVERSION = YES;
				CLANG_WARN_INFINITE_RECURSION = YES;
				CLANG_WARN_INT_CONVERSION = YES;
				CLANG_WARN_NON_LITERAL_NULL_CONVERSION = YES;
				CLANG_WARN_OBJC_IMPLICIT_RETAIN_SELF = YES;
				CLANG_WARN_OBJC_LITERAL_CONVERSION = YES;
				CLANG_WARN_OBJC_ROOT_CLASS = YES_ERROR;
				CLANG_WARN_QUOTED_INCLUDE_IN_FRAMEWORK_HEADER = YES;
				CLANG_WARN_RANGE_LOOP_ANALYSIS = YES;
				CLANG_WARN_STRICT_PROTOTYPES = YES;
				CLANG_WARN_SUSPICIOUS_MOVE = YES;
				CLANG_WARN_UNGUARDED_AVAILABILITY = YES_AGGRESSIVE;
				CLANG_WARN_UNREACHABLE_CODE = YES;
				CLANG_WARN__DUPLICATE_METHOD_MATCH = YES;
				COPY_PHASE_STRIP = NO;
				DEBUG_INFORMATION_FORMAT = dwarf;
				ENABLE_STRICT_OBJC_MSGSEND = YES;
				ENABLE_TESTABILITY = YES;
				GCC_C_LANGUAGE_STANDARD = gnu11;
				GCC_DYNAMIC_NO_PIC = NO;
				GCC_NO_COMMON_BLOCKS = YES;
				GCC_OPTIMIZATION_LEVEL = 0;
				GCC_PREPROCESSOR_DEFINITIONS = (
					"DEBUG=1",
					"$(inherited)",
				);
				GCC_WARN_64_TO_32_BIT_CONVERSION = YES;
				GCC_WARN_ABOUT_RETURN_TYPE = YES_ERROR;
				GCC_WARN_UNDECLARED_SELECTOR = YES;
				GCC_WARN_UNINITIALIZED_AUTOS = YES_AGGRESSIVE;
				GCC_WARN_UNUSED_FUNCTION = YES;
				GCC_WARN_UNUSED_VARIABLE = YES;
				IPHONEOS_DEPLOYMENT_TARGET = 15.6;
				MTL_ENABLE_DEBUG_INFO = INCLUDE_SOURCE;
				MTL_FAST_MATH = YES;
				ONLY_ACTIVE_ARCH = YES;
				SDKROOT = iphoneos;
				SWIFT_ACTIVE_COMPILATION_CONDITIONS = DEBUG;
				SWIFT_OPTIMIZATION_LEVEL = "-Onone";
			};
			name = Debug;
		};
		60587023286EC720005BC98D /* Release */ = {
			isa = XCBuildConfiguration;
			buildSettings = {
				ALWAYS_SEARCH_USER_PATHS = NO;
				CLANG_ANALYZER_NONNULL = YES;
				CLANG_ANALYZER_NUMBER_OBJECT_CONVERSION = YES_AGGRESSIVE;
				CLANG_CXX_LANGUAGE_STANDARD = "gnu++17";
				CLANG_ENABLE_MODULES = YES;
				CLANG_ENABLE_OBJC_ARC = YES;
				CLANG_ENABLE_OBJC_WEAK = YES;
				CLANG_WARN_BLOCK_CAPTURE_AUTORELEASING = YES;
				CLANG_WARN_BOOL_CONVERSION = YES;
				CLANG_WARN_COMMA = YES;
				CLANG_WARN_CONSTANT_CONVERSION = YES;
				CLANG_WARN_DEPRECATED_OBJC_IMPLEMENTATIONS = YES;
				CLANG_WARN_DIRECT_OBJC_ISA_USAGE = YES_ERROR;
				CLANG_WARN_DOCUMENTATION_COMMENTS = YES;
				CLANG_WARN_EMPTY_BODY = YES;
				CLANG_WARN_ENUM_CONVERSION = YES;
				CLANG_WARN_INFINITE_RECURSION = YES;
				CLANG_WARN_INT_CONVERSION = YES;
				CLANG_WARN_NON_LITERAL_NULL_CONVERSION = YES;
				CLANG_WARN_OBJC_IMPLICIT_RETAIN_SELF = YES;
				CLANG_WARN_OBJC_LITERAL_CONVERSION = YES;
				CLANG_WARN_OBJC_ROOT_CLASS = YES_ERROR;
				CLANG_WARN_QUOTED_INCLUDE_IN_FRAMEWORK_HEADER = YES;
				CLANG_WARN_RANGE_LOOP_ANALYSIS = YES;
				CLANG_WARN_STRICT_PROTOTYPES = YES;
				CLANG_WARN_SUSPICIOUS_MOVE = YES;
				CLANG_WARN_UNGUARDED_AVAILABILITY = YES_AGGRESSIVE;
				CLANG_WARN_UNREACHABLE_CODE = YES;
				CLANG_WARN__DUPLICATE_METHOD_MATCH = YES;
				COPY_PHASE_STRIP = NO;
				DEBUG_INFORMATION_FORMAT = "dwarf-with-dsym";
				ENABLE_NS_ASSERTIONS = NO;
				ENABLE_STRICT_OBJC_MSGSEND = YES;
				GCC_C_LANGUAGE_STANDARD = gnu11;
				GCC_NO_COMMON_BLOCKS = YES;
				GCC_WARN_64_TO_32_BIT_CONVERSION = YES;
				GCC_WARN_ABOUT_RETURN_TYPE = YES_ERROR;
				GCC_WARN_UNDECLARED_SELECTOR = YES;
				GCC_WARN_UNINITIALIZED_AUTOS = YES_AGGRESSIVE;
				GCC_WARN_UNUSED_FUNCTION = YES;
				GCC_WARN_UNUSED_VARIABLE = YES;
				IPHONEOS_DEPLOYMENT_TARGET = 15.6;
				MTL_ENABLE_DEBUG_INFO = NO;
				MTL_FAST_MATH = YES;
				SDKROOT = iphoneos;
				SWIFT_COMPILATION_MODE = wholemodule;
				SWIFT_OPTIMIZATION_LEVEL = "-O";
				VALIDATE_PRODUCT = YES;
			};
			name = Release;
		};
		60587025286EC720005BC98D /* Debug */ = {
			isa = XCBuildConfiguration;
			buildSettings = {
				ASSETCATALOG_COMPILER_APPICON_NAME = AppIcon;
				ASSETCATALOG_COMPILER_GLOBAL_ACCENT_COLOR_NAME = AccentColor;
				CODE_SIGN_STYLE = Automatic;
				CURRENT_PROJECT_VERSION = 1;
				DEVELOPMENT_ASSET_PATHS = "\"CodeChallenge/Assets/Preview Content\"";
				ENABLE_PREVIEWS = YES;
				GENERATE_INFOPLIST_FILE = YES;
				INFOPLIST_KEY_UIApplicationSceneManifest_Generation = YES;
				INFOPLIST_KEY_UIApplicationSupportsIndirectInputEvents = YES;
				INFOPLIST_KEY_UILaunchScreen_Generation = YES;
				INFOPLIST_KEY_UISupportedInterfaceOrientations_iPhone = UIInterfaceOrientationPortrait;
				IPHONEOS_DEPLOYMENT_TARGET = 15.5;
				LD_RUNPATH_SEARCH_PATHS = (
					"$(inherited)",
					"@executable_path/Frameworks",
				);
				MARKETING_VERSION = 1.0;
				PRODUCT_BUNDLE_IDENTIFIER = com.blueantcorp.CodeChallenge;
				PRODUCT_NAME = "$(TARGET_NAME)";
				SUPPORTED_PLATFORMS = "iphoneos iphonesimulator";
				SUPPORTS_MACCATALYST = NO;
				SUPPORTS_MAC_DESIGNED_FOR_IPHONE_IPAD = NO;
				SWIFT_EMIT_LOC_STRINGS = YES;
				SWIFT_VERSION = 5.0;
				TARGETED_DEVICE_FAMILY = 1;
			};
			name = Debug;
		};
		60587026286EC720005BC98D /* Release */ = {
			isa = XCBuildConfiguration;
			buildSettings = {
				ASSETCATALOG_COMPILER_APPICON_NAME = AppIcon;
				ASSETCATALOG_COMPILER_GLOBAL_ACCENT_COLOR_NAME = AccentColor;
				CODE_SIGN_STYLE = Automatic;
				CURRENT_PROJECT_VERSION = 1;
				DEVELOPMENT_ASSET_PATHS = "\"CodeChallenge/Assets/Preview Content\"";
				ENABLE_PREVIEWS = YES;
				GENERATE_INFOPLIST_FILE = YES;
				INFOPLIST_KEY_UIApplicationSceneManifest_Generation = YES;
				INFOPLIST_KEY_UIApplicationSupportsIndirectInputEvents = YES;
				INFOPLIST_KEY_UILaunchScreen_Generation = YES;
				INFOPLIST_KEY_UISupportedInterfaceOrientations_iPhone = UIInterfaceOrientationPortrait;
				IPHONEOS_DEPLOYMENT_TARGET = 15.5;
				LD_RUNPATH_SEARCH_PATHS = (
					"$(inherited)",
					"@executable_path/Frameworks",
				);
				MARKETING_VERSION = 1.0;
				PRODUCT_BUNDLE_IDENTIFIER = com.blueantcorp.CodeChallenge;
				PRODUCT_NAME = "$(TARGET_NAME)";
				SUPPORTED_PLATFORMS = "iphoneos iphonesimulator";
				SUPPORTS_MACCATALYST = NO;
				SUPPORTS_MAC_DESIGNED_FOR_IPHONE_IPAD = NO;
				SWIFT_EMIT_LOC_STRINGS = YES;
				SWIFT_VERSION = 5.0;
				TARGETED_DEVICE_FAMILY = 1;
			};
			name = Release;
		};
/* End XCBuildConfiguration section */

/* Begin XCConfigurationList section */
		60587011286EC71E005BC98D /* Build configuration list for PBXProject "CodeChallenge" */ = {
			isa = XCConfigurationList;
			buildConfigurations = (
				60587022286EC720005BC98D /* Debug */,
				60587023286EC720005BC98D /* Release */,
			);
			defaultConfigurationIsVisible = 0;
			defaultConfigurationName = Release;
		};
		60587024286EC720005BC98D /* Build configuration list for PBXNativeTarget "CodeChallenge" */ = {
			isa = XCConfigurationList;
			buildConfigurations = (
				60587025286EC720005BC98D /* Debug */,
				60587026286EC720005BC98D /* Release */,
			);
			defaultConfigurationIsVisible = 0;
			defaultConfigurationName = Release;
		};
/* End XCConfigurationList section */

/* Begin XCRemoteSwiftPackageReference section */
		6058702B286ECB6A005BC98D /* XCRemoteSwiftPackageReference "Alamofire" */ = {
			isa = XCRemoteSwiftPackageReference;
			repositoryURL = "https://github.com/Alamofire/Alamofire";
			requirement = {
				kind = upToNextMajorVersion;
				minimumVersion = 5.0.0;
			};
		};
		60587031286ECC19005BC98D /* XCRemoteSwiftPackageReference "Kingfisher" */ = {
			isa = XCRemoteSwiftPackageReference;
			repositoryURL = "https://github.com/onevcat/Kingfisher";
			requirement = {
				kind = upToNextMajorVersion;
				minimumVersion = 7.0.0;
			};
		};
/* End XCRemoteSwiftPackageReference section */

/* Begin XCSwiftPackageProductDependency section */
		6058702C286ECB6A005BC98D /* Alamofire */ = {
			isa = XCSwiftPackageProductDependency;
			package = 6058702B286ECB6A005BC98D /* XCRemoteSwiftPackageReference "Alamofire" */;
			productName = Alamofire;
		};
		60587032286ECC19005BC98D /* Kingfisher */ = {
			isa = XCSwiftPackageProductDependency;
			package = 60587031286ECC19005BC98D /* XCRemoteSwiftPackageReference "Kingfisher" */;
			productName = Kingfisher;
		};
/* End XCSwiftPackageProductDependency section */
	};
	rootObject = 6058700E286EC71E005BC98D /* Project object */;
}
